// !$*UTF8*$!
{
	archiveVersion = 1;
	classes = {
	};
	objectVersion = 46;
	objects = {

/* Begin PBXBuildFile section */
		A27E47071EC6AFCC00C8EBC1 /* AppDelegate.swift in Sources */ = {isa = PBXBuildFile; fileRef = A27E47061EC6AFCC00C8EBC1 /* AppDelegate.swift */; };
		A27E47091EC6AFCC00C8EBC1 /* ViewController.swift in Sources */ = {isa = PBXBuildFile; fileRef = A27E47081EC6AFCC00C8EBC1 /* ViewController.swift */; };
		A27E470C1EC6AFCC00C8EBC1 /* Main.storyboard in Resources */ = {isa = PBXBuildFile; fileRef = A27E470A1EC6AFCC00C8EBC1 /* Main.storyboard */; };
		A27E470E1EC6AFCC00C8EBC1 /* Assets.xcassets in Resources */ = {isa = PBXBuildFile; fileRef = A27E470D1EC6AFCC00C8EBC1 /* Assets.xcassets */; };
		A27E47111EC6AFCC00C8EBC1 /* LaunchScreen.storyboard in Resources */ = {isa = PBXBuildFile; fileRef = A27E470F1EC6AFCC00C8EBC1 /* LaunchScreen.storyboard */; };
		A27E471C1EC6AFCC00C8EBC1 /* pokedexiTests.swift in Sources */ = {isa = PBXBuildFile; fileRef = A27E471B1EC6AFCC00C8EBC1 /* pokedexiTests.swift */; };
		A27E47271EC6AFCC00C8EBC1 /* pokedexiUITests.swift in Sources */ = {isa = PBXBuildFile; fileRef = A27E47261EC6AFCC00C8EBC1 /* pokedexiUITests.swift */; };
		A27E47351EC6B5CE00C8EBC1 /* pokemon.csv in Resources */ = {isa = PBXBuildFile; fileRef = A27E47341EC6B5CE00C8EBC1 /* pokemon.csv */; };
		BBA236220564698DA0484D57 /* Pods_pokedexiUITests.framework in Frameworks */ = {isa = PBXBuildFile; fileRef = 3B034D2600EB5ECB8A8F5D11 /* Pods_pokedexiUITests.framework */; };
		CE62E31A7997340223E92EAD /* Pods_pokedexi.framework in Frameworks */ = {isa = PBXBuildFile; fileRef = F52406E98EEB4016A9F07EA1 /* Pods_pokedexi.framework */; };
		D236ECAC3EA2EC6D37FCEAA7 /* Pods_pokedexiTests.framework in Frameworks */ = {isa = PBXBuildFile; fileRef = 20A7D41E596A77BBF1252A6D /* Pods_pokedexiTests.framework */; };
/* End PBXBuildFile section */

/* Begin PBXContainerItemProxy section */
		A27E47181EC6AFCC00C8EBC1 /* PBXContainerItemProxy */ = {
			isa = PBXContainerItemProxy;
			containerPortal = A27E46FB1EC6AFCC00C8EBC1 /* Project object */;
			proxyType = 1;
			remoteGlobalIDString = A27E47021EC6AFCC00C8EBC1;
			remoteInfo = pokedexi;
		};
		A27E47231EC6AFCC00C8EBC1 /* PBXContainerItemProxy */ = {
			isa = PBXContainerItemProxy;
			containerPortal = A27E46FB1EC6AFCC00C8EBC1 /* Project object */;
			proxyType = 1;
			remoteGlobalIDString = A27E47021EC6AFCC00C8EBC1;
			remoteInfo = pokedexi;
		};
/* End PBXContainerItemProxy section */

/* Begin PBXFileReference section */
		12718BA7A9B382C8153436AE /* Pods-pokedexiUITests.debug.xcconfig */ = {isa = PBXFileReference; includeInIndex = 1; lastKnownFileType = text.xcconfig; name = "Pods-pokedexiUITests.debug.xcconfig"; path = "Pods/Target Support Files/Pods-pokedexiUITests/Pods-pokedexiUITests.debug.xcconfig"; sourceTree = "<group>"; };
		20A7D41E596A77BBF1252A6D /* Pods_pokedexiTests.framework */ = {isa = PBXFileReference; explicitFileType = wrapper.framework; includeInIndex = 0; path = Pods_pokedexiTests.framework; sourceTree = BUILT_PRODUCTS_DIR; };
		26E14E8F1BCECD084E69E130 /* Pods-pokedexiTests.release.xcconfig */ = {isa = PBXFileReference; includeInIndex = 1; lastKnownFileType = text.xcconfig; name = "Pods-pokedexiTests.release.xcconfig"; path = "Pods/Target Support Files/Pods-pokedexiTests/Pods-pokedexiTests.release.xcconfig"; sourceTree = "<group>"; };
		3121BFC9EE3FCF5733A9B2FE /* Pods-pokedexiUITests.release.xcconfig */ = {isa = PBXFileReference; includeInIndex = 1; lastKnownFileType = text.xcconfig; name = "Pods-pokedexiUITests.release.xcconfig"; path = "Pods/Target Support Files/Pods-pokedexiUITests/Pods-pokedexiUITests.release.xcconfig"; sourceTree = "<group>"; };
		3B034D2600EB5ECB8A8F5D11 /* Pods_pokedexiUITests.framework */ = {isa = PBXFileReference; explicitFileType = wrapper.framework; includeInIndex = 0; path = Pods_pokedexiUITests.framework; sourceTree = BUILT_PRODUCTS_DIR; };
		802FBAE6B8474AD204BE196F /* Pods-pokedexi.debug.xcconfig */ = {isa = PBXFileReference; includeInIndex = 1; lastKnownFileType = text.xcconfig; name = "Pods-pokedexi.debug.xcconfig"; path = "Pods/Target Support Files/Pods-pokedexi/Pods-pokedexi.debug.xcconfig"; sourceTree = "<group>"; };
		88DBF5029A7D5DB5EF25456B /* Pods-pokedexi.release.xcconfig */ = {isa = PBXFileReference; includeInIndex = 1; lastKnownFileType = text.xcconfig; name = "Pods-pokedexi.release.xcconfig"; path = "Pods/Target Support Files/Pods-pokedexi/Pods-pokedexi.release.xcconfig"; sourceTree = "<group>"; };
		A27E47031EC6AFCC00C8EBC1 /* pokedexi.app */ = {isa = PBXFileReference; explicitFileType = wrapper.application; includeInIndex = 0; path = pokedexi.app; sourceTree = BUILT_PRODUCTS_DIR; };
		A27E47061EC6AFCC00C8EBC1 /* AppDelegate.swift */ = {isa = PBXFileReference; lastKnownFileType = sourcecode.swift; path = AppDelegate.swift; sourceTree = "<group>"; };
		A27E47081EC6AFCC00C8EBC1 /* ViewController.swift */ = {isa = PBXFileReference; lastKnownFileType = sourcecode.swift; path = ViewController.swift; sourceTree = "<group>"; };
		A27E470B1EC6AFCC00C8EBC1 /* Base */ = {isa = PBXFileReference; lastKnownFileType = file.storyboard; name = Base; path = Base.lproj/Main.storyboard; sourceTree = "<group>"; };
		A27E470D1EC6AFCC00C8EBC1 /* Assets.xcassets */ = {isa = PBXFileReference; lastKnownFileType = folder.assetcatalog; path = Assets.xcassets; sourceTree = "<group>"; };
		A27E47101EC6AFCC00C8EBC1 /* Base */ = {isa = PBXFileReference; lastKnownFileType = file.storyboard; name = Base; path = Base.lproj/LaunchScreen.storyboard; sourceTree = "<group>"; };
		A27E47121EC6AFCC00C8EBC1 /* Info.plist */ = {isa = PBXFileReference; lastKnownFileType = text.plist.xml; path = Info.plist; sourceTree = "<group>"; };
		A27E47171EC6AFCC00C8EBC1 /* pokedexiTests.xctest */ = {isa = PBXFileReference; explicitFileType = wrapper.cfbundle; includeInIndex = 0; path = pokedexiTests.xctest; sourceTree = BUILT_PRODUCTS_DIR; };
		A27E471B1EC6AFCC00C8EBC1 /* pokedexiTests.swift */ = {isa = PBXFileReference; lastKnownFileType = sourcecode.swift; path = pokedexiTests.swift; sourceTree = "<group>"; };
		A27E471D1EC6AFCC00C8EBC1 /* Info.plist */ = {isa = PBXFileReference; lastKnownFileType = text.plist.xml; path = Info.plist; sourceTree = "<group>"; };
		A27E47221EC6AFCC00C8EBC1 /* pokedexiUITests.xctest */ = {isa = PBXFileReference; explicitFileType = wrapper.cfbundle; includeInIndex = 0; path = pokedexiUITests.xctest; sourceTree = BUILT_PRODUCTS_DIR; };
		A27E47261EC6AFCC00C8EBC1 /* pokedexiUITests.swift */ = {isa = PBXFileReference; lastKnownFileType = sourcecode.swift; path = pokedexiUITests.swift; sourceTree = "<group>"; };
		A27E47281EC6AFCC00C8EBC1 /* Info.plist */ = {isa = PBXFileReference; lastKnownFileType = text.plist.xml; path = Info.plist; sourceTree = "<group>"; };
		A27E47341EC6B5CE00C8EBC1 /* pokemon.csv */ = {isa = PBXFileReference; fileEncoding = 4; lastKnownFileType = text; path = pokemon.csv; sourceTree = "<group>"; };
		EA769501111DB080FF4A8759 /* Pods-pokedexiTests.debug.xcconfig */ = {isa = PBXFileReference; includeInIndex = 1; lastKnownFileType = text.xcconfig; name = "Pods-pokedexiTests.debug.xcconfig"; path = "Pods/Target Support Files/Pods-pokedexiTests/Pods-pokedexiTests.debug.xcconfig"; sourceTree = "<group>"; };
		F52406E98EEB4016A9F07EA1 /* Pods_pokedexi.framework */ = {isa = PBXFileReference; explicitFileType = wrapper.framework; includeInIndex = 0; path = Pods_pokedexi.framework; sourceTree = BUILT_PRODUCTS_DIR; };
/* End PBXFileReference section */

/* Begin PBXFrameworksBuildPhase section */
		A27E47001EC6AFCC00C8EBC1 /* Frameworks */ = {
			isa = PBXFrameworksBuildPhase;
			buildActionMask = 2147483647;
			files = (
				CE62E31A7997340223E92EAD /* Pods_pokedexi.framework in Frameworks */,
			);
			runOnlyForDeploymentPostprocessing = 0;
		};
		A27E47141EC6AFCC00C8EBC1 /* Frameworks */ = {
			isa = PBXFrameworksBuildPhase;
			buildActionMask = 2147483647;
			files = (
				D236ECAC3EA2EC6D37FCEAA7 /* Pods_pokedexiTests.framework in Frameworks */,
			);
			runOnlyForDeploymentPostprocessing = 0;
		};
		A27E471F1EC6AFCC00C8EBC1 /* Frameworks */ = {
			isa = PBXFrameworksBuildPhase;
			buildActionMask = 2147483647;
			files = (
				BBA236220564698DA0484D57 /* Pods_pokedexiUITests.framework in Frameworks */,
			);
			runOnlyForDeploymentPostprocessing = 0;
		};
/* End PBXFrameworksBuildPhase section */

/* Begin PBXGroup section */
		0F7920D51494B98921D38AB1 /* Frameworks */ = {
			isa = PBXGroup;
			children = (
				F52406E98EEB4016A9F07EA1 /* Pods_pokedexi.framework */,
				20A7D41E596A77BBF1252A6D /* Pods_pokedexiTests.framework */,
				3B034D2600EB5ECB8A8F5D11 /* Pods_pokedexiUITests.framework */,
			);
			name = Frameworks;
			sourceTree = "<group>";
		};
		A27E46FA1EC6AFCC00C8EBC1 = {
			isa = PBXGroup;
			children = (
				A27E47051EC6AFCC00C8EBC1 /* pokedexi */,
				A27E471A1EC6AFCC00C8EBC1 /* pokedexiTests */,
				A27E47251EC6AFCC00C8EBC1 /* pokedexiUITests */,
				A27E47041EC6AFCC00C8EBC1 /* Products */,
				E1D6C6F3A09880314451576C /* Pods */,
				0F7920D51494B98921D38AB1 /* Frameworks */,
			);
			sourceTree = "<group>";
		};
		A27E47041EC6AFCC00C8EBC1 /* Products */ = {
			isa = PBXGroup;
			children = (
				A27E47031EC6AFCC00C8EBC1 /* pokedexi.app */,
				A27E47171EC6AFCC00C8EBC1 /* pokedexiTests.xctest */,
				A27E47221EC6AFCC00C8EBC1 /* pokedexiUITests.xctest */,
			);
			name = Products;
			sourceTree = "<group>";
		};
		A27E47051EC6AFCC00C8EBC1 /* pokedexi */ = {
			isa = PBXGroup;
			children = (
				A27E47061EC6AFCC00C8EBC1 /* AppDelegate.swift */,
				A27E47081EC6AFCC00C8EBC1 /* ViewController.swift */,
				A27E470A1EC6AFCC00C8EBC1 /* Main.storyboard */,
				A27E470D1EC6AFCC00C8EBC1 /* Assets.xcassets */,
				A27E47341EC6B5CE00C8EBC1 /* pokemon.csv */,
				A27E470F1EC6AFCC00C8EBC1 /* LaunchScreen.storyboard */,
				A27E47121EC6AFCC00C8EBC1 /* Info.plist */,
			);
			path = pokedexi;
			sourceTree = "<group>";
		};
		A27E471A1EC6AFCC00C8EBC1 /* pokedexiTests */ = {
			isa = PBXGroup;
			children = (
				A27E471B1EC6AFCC00C8EBC1 /* pokedexiTests.swift */,
				A27E471D1EC6AFCC00C8EBC1 /* Info.plist */,
			);
			path = pokedexiTests;
			sourceTree = "<group>";
		};
		A27E47251EC6AFCC00C8EBC1 /* pokedexiUITests */ = {
			isa = PBXGroup;
			children = (
				A27E47261EC6AFCC00C8EBC1 /* pokedexiUITests.swift */,
				A27E47281EC6AFCC00C8EBC1 /* Info.plist */,
			);
			path = pokedexiUITests;
			sourceTree = "<group>";
		};
		E1D6C6F3A09880314451576C /* Pods */ = {
			isa = PBXGroup;
			children = (
				802FBAE6B8474AD204BE196F /* Pods-pokedexi.debug.xcconfig */,
				88DBF5029A7D5DB5EF25456B /* Pods-pokedexi.release.xcconfig */,
				EA769501111DB080FF4A8759 /* Pods-pokedexiTests.debug.xcconfig */,
				26E14E8F1BCECD084E69E130 /* Pods-pokedexiTests.release.xcconfig */,
				12718BA7A9B382C8153436AE /* Pods-pokedexiUITests.debug.xcconfig */,
				3121BFC9EE3FCF5733A9B2FE /* Pods-pokedexiUITests.release.xcconfig */,
			);
			name = Pods;
			sourceTree = "<group>";
		};
/* End PBXGroup section */

/* Begin PBXNativeTarget section */
		A27E47021EC6AFCC00C8EBC1 /* pokedexi */ = {
			isa = PBXNativeTarget;
			buildConfigurationList = A27E472B1EC6AFCC00C8EBC1 /* Build configuration list for PBXNativeTarget "pokedexi" */;
			buildPhases = (
				D552090D850A7D086DE10DA8 /* [CP] Check Pods Manifest.lock */,
				A27E46FF1EC6AFCC00C8EBC1 /* Sources */,
				A27E47001EC6AFCC00C8EBC1 /* Frameworks */,
				A27E47011EC6AFCC00C8EBC1 /* Resources */,
				1EBC9716A135494A89D752B9 /* [CP] Embed Pods Frameworks */,
				C3C54C792251AEB60C8D2A14 /* [CP] Copy Pods Resources */,
			);
			buildRules = (
			);
			dependencies = (
			);
			name = pokedexi;
			productName = pokedexi;
			productReference = A27E47031EC6AFCC00C8EBC1 /* pokedexi.app */;
			productType = "com.apple.product-type.application";
		};
		A27E47161EC6AFCC00C8EBC1 /* pokedexiTests */ = {
			isa = PBXNativeTarget;
			buildConfigurationList = A27E472E1EC6AFCC00C8EBC1 /* Build configuration list for PBXNativeTarget "pokedexiTests" */;
			buildPhases = (
				5B93506A43DA39740CCD0569 /* [CP] Check Pods Manifest.lock */,
				A27E47131EC6AFCC00C8EBC1 /* Sources */,
				A27E47141EC6AFCC00C8EBC1 /* Frameworks */,
				A27E47151EC6AFCC00C8EBC1 /* Resources */,
				5906EEB20B8E8AAC5B10903F /* [CP] Embed Pods Frameworks */,
				5C98B307B75A2363CABD7E73 /* [CP] Copy Pods Resources */,
			);
			buildRules = (
			);
			dependencies = (
				A27E47191EC6AFCC00C8EBC1 /* PBXTargetDependency */,
			);
			name = pokedexiTests;
			productName = pokedexiTests;
			productReference = A27E47171EC6AFCC00C8EBC1 /* pokedexiTests.xctest */;
			productType = "com.apple.product-type.bundle.unit-test";
		};
		A27E47211EC6AFCC00C8EBC1 /* pokedexiUITests */ = {
			isa = PBXNativeTarget;
			buildConfigurationList = A27E47311EC6AFCC00C8EBC1 /* Build configuration list for PBXNativeTarget "pokedexiUITests" */;
			buildPhases = (
				914F4FC0C38C5D559B285B30 /* [CP] Check Pods Manifest.lock */,
				A27E471E1EC6AFCC00C8EBC1 /* Sources */,
				A27E471F1EC6AFCC00C8EBC1 /* Frameworks */,
				A27E47201EC6AFCC00C8EBC1 /* Resources */,
				B8B63F804D5A9DAB709B3E41 /* [CP] Embed Pods Frameworks */,
				46A9E098CD05E43AFBA4E963 /* [CP] Copy Pods Resources */,
			);
			buildRules = (
			);
			dependencies = (
				A27E47241EC6AFCC00C8EBC1 /* PBXTargetDependency */,
			);
			name = pokedexiUITests;
			productName = pokedexiUITests;
			productReference = A27E47221EC6AFCC00C8EBC1 /* pokedexiUITests.xctest */;
			productType = "com.apple.product-type.bundle.ui-testing";
		};
/* End PBXNativeTarget section */

/* Begin PBXProject section */
		A27E46FB1EC6AFCC00C8EBC1 /* Project object */ = {
			isa = PBXProject;
			attributes = {
				LastSwiftUpdateCheck = 0820;
				LastUpgradeCheck = 0820;
				ORGANIZATIONNAME = "park kyung suk";
				TargetAttributes = {
					A27E47021EC6AFCC00C8EBC1 = {
						CreatedOnToolsVersion = 8.2;
						DevelopmentTeam = 4NG4Y8JK7B;
						ProvisioningStyle = Automatic;
					};
					A27E47161EC6AFCC00C8EBC1 = {
						CreatedOnToolsVersion = 8.2;
						DevelopmentTeam = 4NG4Y8JK7B;
						ProvisioningStyle = Automatic;
						TestTargetID = A27E47021EC6AFCC00C8EBC1;
					};
					A27E47211EC6AFCC00C8EBC1 = {
						CreatedOnToolsVersion = 8.2;
						DevelopmentTeam = 4NG4Y8JK7B;
						ProvisioningStyle = Automatic;
						TestTargetID = A27E47021EC6AFCC00C8EBC1;
					};
				};
			};
			buildConfigurationList = A27E46FE1EC6AFCC00C8EBC1 /* Build configuration list for PBXProject "pokedexi" */;
			compatibilityVersion = "Xcode 3.2";
			developmentRegion = English;
			hasScannedForEncodings = 0;
			knownRegions = (
				en,
				Base,
			);
			mainGroup = A27E46FA1EC6AFCC00C8EBC1;
			productRefGroup = A27E47041EC6AFCC00C8EBC1 /* Products */;
			projectDirPath = "";
			projectRoot = "";
			targets = (
				A27E47021EC6AFCC00C8EBC1 /* pokedexi */,
				A27E47161EC6AFCC00C8EBC1 /* pokedexiTests */,
				A27E47211EC6AFCC00C8EBC1 /* pokedexiUITests */,
			);
		};
/* End PBXProject section */

/* Begin PBXResourcesBuildPhase section */
		A27E47011EC6AFCC00C8EBC1 /* Resources */ = {
			isa = PBXResourcesBuildPhase;
			buildActionMask = 2147483647;
			files = (
				A27E47111EC6AFCC00C8EBC1 /* LaunchScreen.storyboard in Resources */,
				A27E470E1EC6AFCC00C8EBC1 /* Assets.xcassets in Resources */,
				A27E47351EC6B5CE00C8EBC1 /* pokemon.csv in Resources */,
				A27E470C1EC6AFCC00C8EBC1 /* Main.storyboard in Resources */,
			);
			runOnlyForDeploymentPostprocessing = 0;
		};
		A27E47151EC6AFCC00C8EBC1 /* Resources */ = {
			isa = PBXResourcesBuildPhase;
			buildActionMask = 2147483647;
			files = (
			);
			runOnlyForDeploymentPostprocessing = 0;
		};
		A27E47201EC6AFCC00C8EBC1 /* Resources */ = {
			isa = PBXResourcesBuildPhase;
			buildActionMask = 2147483647;
			files = (
			);
			runOnlyForDeploymentPostprocessing = 0;
		};
/* End PBXResourcesBuildPhase section */

/* Begin PBXShellScriptBuildPhase section */
		1EBC9716A135494A89D752B9 /* [CP] Embed Pods Frameworks */ = {
			isa = PBXShellScriptBuildPhase;
			buildActionMask = 2147483647;
			files = (
			);
			inputPaths = (
			);
			name = "[CP] Embed Pods Frameworks";
			outputPaths = (
			);
			runOnlyForDeploymentPostprocessing = 0;
			shellPath = /bin/sh;
			shellScript = "\"${SRCROOT}/Pods/Target Support Files/Pods-pokedexi/Pods-pokedexi-frameworks.sh\"\n";
			showEnvVarsInLog = 0;
		};
		46A9E098CD05E43AFBA4E963 /* [CP] Copy Pods Resources */ = {
			isa = PBXShellScriptBuildPhase;
			buildActionMask = 2147483647;
			files = (
			);
			inputPaths = (
			);
			name = "[CP] Copy Pods Resources";
			outputPaths = (
			);
			runOnlyForDeploymentPostprocessing = 0;
			shellPath = /bin/sh;
			shellScript = "\"${SRCROOT}/Pods/Target Support Files/Pods-pokedexiUITests/Pods-pokedexiUITests-resources.sh\"\n";
			showEnvVarsInLog = 0;
		};
		5906EEB20B8E8AAC5B10903F /* [CP] Embed Pods Frameworks */ = {
			isa = PBXShellScriptBuildPhase;
			buildActionMask = 2147483647;
			files = (
			);
			inputPaths = (
			);
			name = "[CP] Embed Pods Frameworks";
			outputPaths = (
			);
			runOnlyForDeploymentPostprocessing = 0;
			shellPath = /bin/sh;
			shellScript = "\"${SRCROOT}/Pods/Target Support Files/Pods-pokedexiTests/Pods-pokedexiTests-frameworks.sh\"\n";
			showEnvVarsInLog = 0;
		};
		5B93506A43DA39740CCD0569 /* [CP] Check Pods Manifest.lock */ = {
			isa = PBXShellScriptBuildPhase;
			buildActionMask = 2147483647;
			files = (
			);
			inputPaths = (
			);
			name = "[CP] Check Pods Manifest.lock";
			outputPaths = (
			);
			runOnlyForDeploymentPostprocessing = 0;
			shellPath = /bin/sh;
			shellScript = "diff \"${PODS_PODFILE_DIR_PATH}/Podfile.lock\" \"${PODS_ROOT}/Manifest.lock\" > /dev/null\nif [ $? != 0 ] ; then\n    # print error to STDERR\n    echo \"error: The sandbox is not in sync with the Podfile.lock. Run 'pod install' or update your CocoaPods installation.\" >&2\n    exit 1\nfi\n";
			showEnvVarsInLog = 0;
		};
		5C98B307B75A2363CABD7E73 /* [CP] Copy Pods Resources */ = {
			isa = PBXShellScriptBuildPhase;
			buildActionMask = 2147483647;
			files = (
			);
			inputPaths = (
			);
			name = "[CP] Copy Pods Resources";
			outputPaths = (
			);
			runOnlyForDeploymentPostprocessing = 0;
			shellPath = /bin/sh;
			shellScript = "\"${SRCROOT}/Pods/Target Support Files/Pods-pokedexiTests/Pods-pokedexiTests-resources.sh\"\n";
			showEnvVarsInLog = 0;
		};
		914F4FC0C38C5D559B285B30 /* [CP] Check Pods Manifest.lock */ = {
			isa = PBXShellScriptBuildPhase;
			buildActionMask = 2147483647;
			files = (
			);
			inputPaths = (
			);
			name = "[CP] Check Pods Manifest.lock";
			outputPaths = (
			);
			runOnlyForDeploymentPostprocessing = 0;
			shellPath = /bin/sh;
			shellScript = "diff \"${PODS_PODFILE_DIR_PATH}/Podfile.lock\" \"${PODS_ROOT}/Manifest.lock\" > /dev/null\nif [ $? != 0 ] ; then\n    # print error to STDERR\n    echo \"error: The sandbox is not in sync with the Podfile.lock. Run 'pod install' or update your CocoaPods installation.\" >&2\n    exit 1\nfi\n";
			showEnvVarsInLog = 0;
		};
		B8B63F804D5A9DAB709B3E41 /* [CP] Embed Pods Frameworks */ = {
			isa = PBXShellScriptBuildPhase;
			buildActionMask = 2147483647;
			files = (
			);
			inputPaths = (
			);
			name = "[CP] Embed Pods Frameworks";
			outputPaths = (
			);
			runOnlyForDeploymentPostprocessing = 0;
			shellPath = /bin/sh;
			shellScript = "\"${SRCROOT}/Pods/Target Support Files/Pods-pokedexiUITests/Pods-pokedexiUITests-frameworks.sh\"\n";
			showEnvVarsInLog = 0;
		};
		C3C54C792251AEB60C8D2A14 /* [CP] Copy Pods Resources */ = {
			isa = PBXShellScriptBuildPhase;
			buildActionMask = 2147483647;
			files = (
			);
			inputPaths = (
			);
			name = "[CP] Copy Pods Resources";
			outputPaths = (
			);
			runOnlyForDeploymentPostprocessing = 0;
			shellPath = /bin/sh;
			shellScript = "\"${SRCROOT}/Pods/Target Support Files/Pods-pokedexi/Pods-pokedexi-resources.sh\"\n";
			showEnvVarsInLog = 0;
		};
		D552090D850A7D086DE10DA8 /* [CP] Check Pods Manifest.lock */ = {
			isa = PBXShellScriptBuildPhase;
			buildActionMask = 2147483647;
			files = (
			);
			inputPaths = (
			);
			name = "[CP] Check Pods Manifest.lock";
			outputPaths = (
			);
			runOnlyForDeploymentPostprocessing = 0;
			shellPath = /bin/sh;
			shellScript = "diff \"${PODS_PODFILE_DIR_PATH}/Podfile.lock\" \"${PODS_ROOT}/Manifest.lock\" > /dev/null\nif [ $? != 0 ] ; then\n    # print error to STDERR\n    echo \"error: The sandbox is not in sync with the Podfile.lock. Run 'pod install' or update your CocoaPods installation.\" >&2\n    exit 1\nfi\n";
			showEnvVarsInLog = 0;
		};
/* End PBXShellScriptBuildPhase section */

/* Begin PBXSourcesBuildPhase section */
		A27E46FF1EC6AFCC00C8EBC1 /* Sources */ = {
			isa = PBXSourcesBuildPhase;
			buildActionMask = 2147483647;
			files = (
				A27E47091EC6AFCC00C8EBC1 /* ViewController.swift in Sources */,
				A27E47071EC6AFCC00C8EBC1 /* AppDelegate.swift in Sources */,
			);
			runOnlyForDeploymentPostprocessing = 0;
		};
		A27E47131EC6AFCC00C8EBC1 /* Sources */ = {
			isa = PBXSourcesBuildPhase;
			buildActionMask = 2147483647;
			files = (
				A27E471C1EC6AFCC00C8EBC1 /* pokedexiTests.swift in Sources */,
			);
			runOnlyForDeploymentPostprocessing = 0;
		};
		A27E471E1EC6AFCC00C8EBC1 /* Sources */ = {
			isa = PBXSourcesBuildPhase;
			buildActionMask = 2147483647;
			files = (
				A27E47271EC6AFCC00C8EBC1 /* pokedexiUITests.swift in Sources */,
			);
			runOnlyForDeploymentPostprocessing = 0;
		};
/* End PBXSourcesBuildPhase section */

/* Begin PBXTargetDependency section */
		A27E47191EC6AFCC00C8EBC1 /* PBXTargetDependency */ = {
			isa = PBXTargetDependency;
			target = A27E47021EC6AFCC00C8EBC1 /* pokedexi */;
			targetProxy = A27E47181EC6AFCC00C8EBC1 /* PBXContainerItemProxy */;
		};
		A27E47241EC6AFCC00C8EBC1 /* PBXTargetDependency */ = {
			isa = PBXTargetDependency;
			target = A27E47021EC6AFCC00C8EBC1 /* pokedexi */;
			targetProxy = A27E47231EC6AFCC00C8EBC1 /* PBXContainerItemProxy */;
		};
/* End PBXTargetDependency section */

/* Begin PBXVariantGroup section */
		A27E470A1EC6AFCC00C8EBC1 /* Main.storyboard */ = {
			isa = PBXVariantGroup;
			children = (
				A27E470B1EC6AFCC00C8EBC1 /* Base */,
			);
			name = Main.storyboard;
			sourceTree = "<group>";
		};
		A27E470F1EC6AFCC00C8EBC1 /* LaunchScreen.storyboard */ = {
			isa = PBXVariantGroup;
			children = (
				A27E47101EC6AFCC00C8EBC1 /* Base */,
			);
			name = LaunchScreen.storyboard;
			sourceTree = "<group>";
		};
/* End PBXVariantGroup section */

/* Begin XCBuildConfiguration section */
		A27E47291EC6AFCC00C8EBC1 /* Debug */ = {
			isa = XCBuildConfiguration;
			buildSettings = {
				ALWAYS_SEARCH_USER_PATHS = NO;
				CLANG_ANALYZER_NONNULL = YES;
				CLANG_CXX_LANGUAGE_STANDARD = "gnu++0x";
				CLANG_CXX_LIBRARY = "libc++";
				CLANG_ENABLE_MODULES = YES;
				CLANG_ENABLE_OBJC_ARC = YES;
				CLANG_WARN_BOOL_CONVERSION = YES;
				CLANG_WARN_CONSTANT_CONVERSION = YES;
				CLANG_WARN_DIRECT_OBJC_ISA_USAGE = YES_ERROR;
				CLANG_WARN_DOCUMENTATION_COMMENTS = YES;
				CLANG_WARN_EMPTY_BODY = YES;
				CLANG_WARN_ENUM_CONVERSION = YES;
				CLANG_WARN_INFINITE_RECURSION = YES;
				CLANG_WARN_INT_CONVERSION = YES;
				CLANG_WARN_OBJC_ROOT_CLASS = YES_ERROR;
				CLANG_WARN_SUSPICIOUS_MOVE = YES;
				CLANG_WARN_UNREACHABLE_CODE = YES;
				CLANG_WARN__DUPLICATE_METHOD_MATCH = YES;
				"CODE_SIGN_IDENTITY[sdk=iphoneos*]" = "iPhone Developer";
				COPY_PHASE_STRIP = NO;
				DEBUG_INFORMATION_FORMAT = dwarf;
				ENABLE_STRICT_OBJC_MSGSEND = YES;
				ENABLE_TESTABILITY = YES;
				GCC_C_LANGUAGE_STANDARD = gnu99;
				GCC_DYNAMIC_NO_PIC = NO;
				GCC_NO_COMMON_BLOCKS = YES;
				GCC_OPTIMIZATION_LEVEL = 0;
				GCC_PREPROCESSOR_DEFINITIONS = (
					"DEBUG=1",
					"$(inherited)",
				);
				GCC_WARN_64_TO_32_BIT_CONVERSION = YES;
				GCC_WARN_ABOUT_RETURN_TYPE = YES_ERROR;
				GCC_WARN_UNDECLARED_SELECTOR = YES;
				GCC_WARN_UNINITIALIZED_AUTOS = YES_AGGRESSIVE;
				GCC_WARN_UNUSED_FUNCTION = YES;
				GCC_WARN_UNUSED_VARIABLE = YES;
				IPHONEOS_DEPLOYMENT_TARGET = 10.2;
				MTL_ENABLE_DEBUG_INFO = YES;
				ONLY_ACTIVE_ARCH = YES;
				SDKROOT = iphoneos;
				SWIFT_ACTIVE_COMPILATION_CONDITIONS = DEBUG;
				SWIFT_OPTIMIZATION_LEVEL = "-Onone";
				TARGETED_DEVICE_FAMILY = "1,2";
			};
			name = Debug;
		};
		A27E472A1EC6AFCC00C8EBC1 /* Release */ = {
			isa = XCBuildConfiguration;
			buildSettings = {
				ALWAYS_SEARCH_USER_PATHS = NO;
				CLANG_ANALYZER_NONNULL = YES;
				CLANG_CXX_LANGUAGE_STANDARD = "gnu++0x";
				CLANG_CXX_LIBRARY = "libc++";
				CLANG_ENABLE_MODULES = YES;
				CLANG_ENABLE_OBJC_ARC = YES;
				CLANG_WARN_BOOL_CONVERSION = YES;
				CLANG_WARN_CONSTANT_CONVERSION = YES;
				CLANG_WARN_DIRECT_OBJC_ISA_USAGE = YES_ERROR;
				CLANG_WARN_DOCUMENTATION_COMMENTS = YES;
				CLANG_WARN_EMPTY_BODY = YES;
				CLANG_WARN_ENUM_CONVERSION = YES;
				CLANG_WARN_INFINITE_RECURSION = YES;
				CLANG_WARN_INT_CONVERSION = YES;
				CLANG_WARN_OBJC_ROOT_CLASS = YES_ERROR;
				CLANG_WARN_SUSPICIOUS_MOVE = YES;
				CLANG_WARN_UNREACHABLE_CODE = YES;
				CLANG_WARN__DUPLICATE_METHOD_MATCH = YES;
				"CODE_SIGN_IDENTITY[sdk=iphoneos*]" = "iPhone Developer";
				COPY_PHASE_STRIP = NO;
				DEBUG_INFORMATION_FORMAT = "dwarf-with-dsym";
				ENABLE_NS_ASSERTIONS = NO;
				ENABLE_STRICT_OBJC_MSGSEND = YES;
				GCC_C_LANGUAGE_STANDARD = gnu99;
				GCC_NO_COMMON_BLOCKS = YES;
				GCC_WARN_64_TO_32_BIT_CONVERSION = YES;
				GCC_WARN_ABOUT_RETURN_TYPE = YES_ERROR;
				GCC_WARN_UNDECLARED_SELECTOR = YES;
				GCC_WARN_UNINITIALIZED_AUTOS = YES_AGGRESSIVE;
				GCC_WARN_UNUSED_FUNCTION = YES;
				GCC_WARN_UNUSED_VARIABLE = YES;
				IPHONEOS_DEPLOYMENT_TARGET = 10.2;
				MTL_ENABLE_DEBUG_INFO = NO;
				SDKROOT = iphoneos;
				SWIFT_OPTIMIZATION_LEVEL = "-Owholemodule";
				TARGETED_DEVICE_FAMILY = "1,2";
				VALIDATE_PRODUCT = YES;
			};
			name = Release;
		};
		A27E472C1EC6AFCC00C8EBC1 /* Debug */ = {
			isa = XCBuildConfiguration;
			baseConfigurationReference = 802FBAE6B8474AD204BE196F /* Pods-pokedexi.debug.xcconfig */;
			buildSettings = {
				ASSETCATALOG_COMPILER_APPICON_NAME = AppIcon;
				DEVELOPMENT_TEAM = 4NG4Y8JK7B;
				INFOPLIST_FILE = pokedexi/Info.plist;
				LD_RUNPATH_SEARCH_PATHS = "$(inherited) @executable_path/Frameworks";
				PRODUCT_BUNDLE_IDENTIFIER = ninimepaku.pokedexi;
				PRODUCT_NAME = "$(TARGET_NAME)";
				SWIFT_VERSION = 3.0;
			};
			name = Debug;
		};
		A27E472D1EC6AFCC00C8EBC1 /* Release */ = {
			isa = XCBuildConfiguration;
			baseConfigurationReference = 88DBF5029A7D5DB5EF25456B /* Pods-pokedexi.release.xcconfig */;
			buildSettings = {
				ASSETCATALOG_COMPILER_APPICON_NAME = AppIcon;
				DEVELOPMENT_TEAM = 4NG4Y8JK7B;
				INFOPLIST_FILE = pokedexi/Info.plist;
				LD_RUNPATH_SEARCH_PATHS = "$(inherited) @executable_path/Frameworks";
				PRODUCT_BUNDLE_IDENTIFIER = ninimepaku.pokedexi;
				PRODUCT_NAME = "$(TARGET_NAME)";
				SWIFT_VERSION = 3.0;
			};
			name = Release;
		};
		A27E472F1EC6AFCC00C8EBC1 /* Debug */ = {
			isa = XCBuildConfiguration;
			baseConfigurationReference = EA769501111DB080FF4A8759 /* Pods-pokedexiTests.debug.xcconfig */;
			buildSettings = {
				ALWAYS_EMBED_SWIFT_STANDARD_LIBRARIES = YES;
				BUNDLE_LOADER = "$(TEST_HOST)";
				DEVELOPMENT_TEAM = 4NG4Y8JK7B;
				INFOPLIST_FILE = pokedexiTests/Info.plist;
				LD_RUNPATH_SEARCH_PATHS = "$(inherited) @executable_path/Frameworks @loader_path/Frameworks";
				PRODUCT_BUNDLE_IDENTIFIER = ninimepaku.pokedexiTests;
				PRODUCT_NAME = "$(TARGET_NAME)";
				SWIFT_VERSION = 3.0;
				TEST_HOST = "$(BUILT_PRODUCTS_DIR)/pokedexi.app/pokedexi";
			};
			name = Debug;
		};
		A27E47301EC6AFCC00C8EBC1 /* Release */ = {
			isa = XCBuildConfiguration;
			baseConfigurationReference = 26E14E8F1BCECD084E69E130 /* Pods-pokedexiTests.release.xcconfig */;
			buildSettings = {
				ALWAYS_EMBED_SWIFT_STANDARD_LIBRARIES = YES;
				BUNDLE_LOADER = "$(TEST_HOST)";
				DEVELOPMENT_TEAM = 4NG4Y8JK7B;
				INFOPLIST_FILE = pokedexiTests/Info.plist;
				LD_RUNPATH_SEARCH_PATHS = "$(inherited) @executable_path/Frameworks @loader_path/Frameworks";
				PRODUCT_BUNDLE_IDENTIFIER = ninimepaku.pokedexiTests;
				PRODUCT_NAME = "$(TARGET_NAME)";
				SWIFT_VERSION = 3.0;
				TEST_HOST = "$(BUILT_PRODUCTS_DIR)/pokedexi.app/pokedexi";
			};
			name = Release;
		};
		A27E47321EC6AFCC00C8EBC1 /* Debug */ = {
			isa = XCBuildConfiguration;
			baseConfigurationReference = 12718BA7A9B382C8153436AE /* Pods-pokedexiUITests.debug.xcconfig */;
			buildSettings = {
				ALWAYS_EMBED_SWIFT_STANDARD_LIBRARIES = YES;
				DEVELOPMENT_TEAM = 4NG4Y8JK7B;
				INFOPLIST_FILE = pokedexiUITests/Info.plist;
				LD_RUNPATH_SEARCH_PATHS = "$(inherited) @executable_path/Frameworks @loader_path/Frameworks";
				PRODUCT_BUNDLE_IDENTIFIER = ninimepaku.pokedexiUITests;
				PRODUCT_NAME = "$(TARGET_NAME)";
				SWIFT_VERSION = 3.0;
				TEST_TARGET_NAME = pokedexi;
			};
			name = Debug;
		};
		A27E47331EC6AFCC00C8EBC1 /* Release */ = {
			isa = XCBuildConfiguration;
			baseConfigurationReference = 3121BFC9EE3FCF5733A9B2FE /* Pods-pokedexiUITests.release.xcconfig */;
			buildSettings = {
				ALWAYS_EMBED_SWIFT_STANDARD_LIBRARIES = YES;
				DEVELOPMENT_TEAM = 4NG4Y8JK7B;
				INFOPLIST_FILE = pokedexiUITests/Info.plist;
				LD_RUNPATH_SEARCH_PATHS = "$(inherited) @executable_path/Frameworks @loader_path/Frameworks";
				PRODUCT_BUNDLE_IDENTIFIER = ninimepaku.pokedexiUITests;
				PRODUCT_NAME = "$(TARGET_NAME)";
				SWIFT_VERSION = 3.0;
				TEST_TARGET_NAME = pokedexi;
			};
			name = Release;
		};
/* End XCBuildConfiguration section */

/* Begin XCConfigurationList section */
		A27E46FE1EC6AFCC00C8EBC1 /* Build configuration list for PBXProject "pokedexi" */ = {
			isa = XCConfigurationList;
			buildConfigurations = (
				A27E47291EC6AFCC00C8EBC1 /* Debug */,
				A27E472A1EC6AFCC00C8EBC1 /* Release */,
			);
			defaultConfigurationIsVisible = 0;
			defaultConfigurationName = Release;
		};
		A27E472B1EC6AFCC00C8EBC1 /* Build configuration list for PBXNativeTarget "pokedexi" */ = {
			isa = XCConfigurationList;
			buildConfigurations = (
				A27E472C1EC6AFCC00C8EBC1 /* Debug */,
				A27E472D1EC6AFCC00C8EBC1 /* Release */,
			);
			defaultConfigurationIsVisible = 0;
			defaultConfigurationName = Release;
		};
		A27E472E1EC6AFCC00C8EBC1 /* Build configuration list for PBXNativeTarget "pokedexiTests" */ = {
			isa = XCConfigurationList;
			buildConfigurations = (
				A27E472F1EC6AFCC00C8EBC1 /* Debug */,
				A27E47301EC6AFCC00C8EBC1 /* Release */,
			);
			defaultConfigurationIsVisible = 0;
			defaultConfigurationName = Release;
		};
		A27E47311EC6AFCC00C8EBC1 /* Build configuration list for PBXNativeTarget "pokedexiUITests" */ = {
			isa = XCConfigurationList;
			buildConfigurations = (
				A27E47321EC6AFCC00C8EBC1 /* Debug */,
				A27E47331EC6AFCC00C8EBC1 /* Release */,
			);
			defaultConfigurationIsVisible = 0;
			defaultConfigurationName = Release;
		};
/* End XCConfigurationList section */
	};
	rootObject = A27E46FB1EC6AFCC00C8EBC1 /* Project object */;
}
